
Microsoft Visual Studio Solution File, Format Version 12.00
# Visual Studio Version 16
VisualStudioVersion = 16.0.29709.97
MinimumVisualStudioVersion = 10.0.40219.1
Project("{FAE04EC0-301F-11D3-BF4B-00C04F79EFBC}") = "QBFC-Query-Sample", "QBFC-Query-Sample\QBFC-Query-Sample.csproj", "{A576197F-B9CD-4C25-83BB-DE1A94149F1D}"
EndProject
Global
	GlobalSection(SolutionConfigurationPlatforms) = preSolution
		Debug|Any CPU = Debug|Any CPU
		Release|Any CPU = Release|Any CPU
	EndGlobalSection
	GlobalSection(ProjectConfigurationPlatforms) = postSolution
		{A576197F-B9CD-4C25-83BB-DE1A94149F1D}.Debug|Any CPU.ActiveCfg = Debug|Any CPU
		{A576197F-B9CD-4C25-83BB-DE1A94149F1D}.Debug|Any CPU.Build.0 = Debug|Any CPU
		{A576197F-B9CD-4C25-83BB-DE1A94149F1D}.Release|Any CPU.ActiveCfg = Release|Any CPU
		{A576197F-B9CD-4C25-83BB-DE1A94149F1D}.Release|Any CPU.Build.0 = Release|Any CPU
	EndGlobalSection
	GlobalSection(SolutionProperties) = preSolution
		HideSolutionNode = FALSE
	EndGlobalSection
	GlobalSection(ExtensibilityGlobals) = postSolution
		SolutionGuid = {6F95EA5A-278A-4E48-9DA1-A54A70A9F69E}
	EndGlobalSection
EndGlobal
